{
  "nodes": {
    "nixlib": {
      "locked": {
        "lastModified": 1693701915,
        "narHash": "sha256-waHPLdDYUOHSEtMKKabcKIMhlUOHPOOPQ9UyFeEoovs=",
        "owner": "nix-community",
        "repo": "nixpkgs.lib",
        "rev": "f5af57d3ef9947a70ac86e42695231ac1ad00c25",
        "type": "github"
      },
      "original": {
        "owner": "nix-community",
        "repo": "nixpkgs.lib",
        "type": "github"
      }
    },
    "nixos-generators": {
      "inputs": {
        "nixlib": "nixlib",
        "nixpkgs": [
          "nixpkgs"
        ]
      },
      "locked": {
        "lastModified": 1706085261,
        "narHash": "sha256-7PgpHRHyShINcqgevPP1fJ6N8kM5ZSOJnk3QZBrOCQ0=",
        "owner": "nix-community",
        "repo": "nixos-generators",
        "rev": "896f6589db5b25023b812bbb6c1f5d3a499b1132",
        "type": "github"
      },
      "original": {
        "owner": "nix-community",
        "repo": "nixos-generators",
        "type": "github"
      }
    },
    "nixpkgs": {
      "locked": {
        "lastModified": 1707091808,
        "narHash": "sha256-LahKBAfGbY836gtpVNnWwBTIzN7yf/uYM/S0g393r0Y=",
        "owner": "nixos",
        "repo": "nixpkgs",
        "rev": "9f2ee8c91ac42da3ae6c6a1d21555f283458247e",
        "type": "github"
      },
      "original": {
        "owner": "nixos",
        "ref": "nixos-23.11",
        "repo": "nixpkgs",
        "type": "github"
      }
    },
    "root": {
      "inputs": {
        "nixos-generators": "nixos-generators",
        "nixpkgs": "nixpkgs"
      }
    }
  },
  "root": "root",
  "version": 7
}
